
Microsoft Visual Studio Solution File, Format Version 12.00
# Visual Studio Version 16
VisualStudioVersion = 16.0.33423.256
MinimumVisualStudioVersion = 10.0.40219.1
Project("{8BC9CEB8-8B4A-11D0-8D11-00A0C91BC942}") = "TestDirectX11", "TestDirectX11.vcxproj", "{B930A0A5-B26C-4FEB-AE7B-2A2E18FAEBAE}"
EndProject
Global
	GlobalSection(SolutionConfigurationPlatforms) = preSolution
		Debug|x64 = Debug|x64
		Debug|x86 = Debug|x86
		Release|x64 = Release|x64
		Release|x86 = Release|x86
	EndGlobalSection
	GlobalSection(ProjectConfigurationPlatforms) = postSolution
		{B930A0A5-B26C-4FEB-AE7B-2A2E18FAEBAE}.Debug|x64.ActiveCfg = Debug|x64
		{B930A0A5-B26C-4FEB-AE7B-2A2E18FAEBAE}.Debug|x64.Build.0 = Debug|x64
		{B930A0A5-B26C-4FEB-AE7B-2A2E18FAEBAE}.Debug|x86.ActiveCfg = Debug|Win32
		{B930A0A5-B26C-4FEB-AE7B-2A2E18FAEBAE}.Debug|x86.Build.0 = Debug|Win32
		{B930A0A5-B26C-4FEB-AE7B-2A2E18FAEBAE}.Release|x64.ActiveCfg = Release|x64
		{B930A0A5-B26C-4FEB-AE7B-2A2E18FAEBAE}.Release|x64.Build.0 = Release|x64
		{B930A0A5-B26C-4FEB-AE7B-2A2E18FAEBAE}.Release|x86.ActiveCfg = Release|Win32
		{B930A0A5-B26C-4FEB-AE7B-2A2E18FAEBAE}.Release|x86.Build.0 = Release|Win32
	EndGlobalSection
	GlobalSection(SolutionProperties) = preSolution
		HideSolutionNode = FALSE
	EndGlobalSection
	GlobalSection(ExtensibilityGlobals) = postSolution
		SolutionGuid = {9E976510-B8B2-4D10-9E06-D4DE9224BD88}
	EndGlobalSection
EndGlobal
